<?xml version="1.0" encoding="utf-8"?>
<Project ToolsVersion="4.0" xmlns="http://schemas.microsoft.com/developer/msbuild/2003">
  <ItemGroup>
    <Filter Include="Source Files">
      <UniqueIdentifier>{4FC737F1-C7A5-4376-A066-2A32D752A2FF}</UniqueIdentifier>
      <Extensions>cpp;c;cc;cxx;def;odl;idl;hpj;bat;asm;asmx</Extensions>
    </Filter>
    <Filter Include="Header Files">
      <UniqueIdentifier>{93995380-89BD-4b04-88EB-625FBE52EBFB}</UniqueIdentifier>
      <Extensions>h;hh;hpp;hxx;hm;inl;inc;xsd</Extensions>
    </Filter>
    <Filter Include="Resource Files">
      <UniqueIdentifier>{67DA6AB6-F800-4c08-8B7A-83BB121AAD01}</UniqueIdentifier>
      <Extensions>rc;ico;cur;bmp;dlg;rc2;rct;bin;rgs;gif;jpg;jpeg;jpe;resx;tiff;tif;png;wav</Extensions>
    </Filter>
    <Filter Include="Resource Files\parser">
      <UniqueIdentifier>{998e8163-6626-4bc3-8d3a-710f475d2ea8}</UniqueIdentifier>
    </Filter>
    <Filter Include="Resource Files\scenes">
      <UniqueIdentifier>{15963d21-a4bc-495a-9d45-12f786bb9a60}</UniqueIdentifier>
    </Filter>
    <Filter Include="Header Files\Light">
      <UniqueIdentifier>{cf0ab915-f633-4d4e-b67f-e9a47f0cb759}</UniqueIdentifier>
    </Filter>
    <Filter Include="Source Files\Light">
      <UniqueIdentifier>{c535850c-c824-4808-b04f-d07bfbcca396}</UniqueIdentifier>
    </Filter>
    <Filter Include="Header Files\PixelSamplers">
      <UniqueIdentifier>{609c4969-d4af-445a-86cc-499694c09bb5}</UniqueIdentifier>
    </Filter>
    <Filter Include="Header Files\Core">
      <UniqueIdentifier>{722380ab-4bc1-49d4-97b3-956e47384317}</UniqueIdentifier>
    </Filter>
    <Filter Include="Header Files\Object">
      <UniqueIdentifier>{ba63f778-1b8e-4082-88f6-2e9ecf3d993a}</UniqueIdentifier>
    </Filter>
    <Filter Include="Source Files\Core">
      <UniqueIdentifier>{fa87c130-6c54-4f32-9e37-ceb493fb4e5b}</UniqueIdentifier>
    </Filter>
    <Filter Include="Source Files\Object">
      <UniqueIdentifier>{4d9fcb0d-4d75-4f52-8965-54a0b3438db3}</UniqueIdentifier>
    </Filter>
    <Filter Include="Source Files\PixelSampler">
      <UniqueIdentifier>{cefa8eaf-dd9c-4dd7-83b4-7f502592804f}</UniqueIdentifier>
    </Filter>
    <Filter Include="Resource Files\Objects">
      <UniqueIdentifier>{043a89aa-c1dd-4c3f-b389-d76a3899222d}</UniqueIdentifier>
    </Filter>
    <Filter Include="Header Files\Integrator">
      <UniqueIdentifier>{a8a2695d-4c59-41f4-8e6a-1c53c7e2cb29}</UniqueIdentifier>
    </Filter>
    <Filter Include="Source Files\Integrator">
      <UniqueIdentifier>{8ef33443-7e3c-423c-9bf0-53e854f99f50}</UniqueIdentifier>
    </Filter>
    <Filter Include="Header Files\BSDF">
      <UniqueIdentifier>{485155eb-2302-4bb6-a8c4-20a52d45235d}</UniqueIdentifier>
    </Filter>
    <Filter Include="Source Files\BSDF">
      <UniqueIdentifier>{0f9cbfe1-d600-4853-89e3-409671b90d2d}</UniqueIdentifier>
    </Filter>
  </ItemGroup>
  <ItemGroup>
    <ClCompile Include="src\main.cpp">
      <Filter>Source Files</Filter>
    </ClCompile>
    <ClCompile Include="src\lex.yy.cpp">
      <Filter>Source Files</Filter>
    </ClCompile>
    <ClCompile Include="src\yart-cpp.tab.cpp">
      <Filter>Source Files</Filter>
    </ClCompile>
    <ClCompile Include="src\AreaLight.cpp">
      <Filter>Source Files\Light</Filter>
    </ClCompile>
    <ClCompile Include="src\PointLight.cpp">
      <Filter>Source Files\Light</Filter>
    </ClCompile>
    <ClCompile Include="src\Camera.cpp">
      <Filter>Source Files\Core</Filter>
    </ClCompile>
    <ClCompile Include="src\Film.cpp">
      <Filter>Source Files\Core</Filter>
    </ClCompile>
    <ClCompile Include="src\Sampler.cpp">
      <Filter>Source Files\Core</Filter>
    </ClCompile>
    <ClCompile Include="src\Transform.cpp">
      <Filter>Source Files\Core</Filter>
    </ClCompile>
    <ClCompile Include="src\Scene.cpp">
      <Filter>Source Files\Core</Filter>
    </ClCompile>
    <ClCompile Include="src\BBox.cpp">
      <Filter>Source Files\Object</Filter>
    </ClCompile>
    <ClCompile Include="src\Mesh.cpp">
      <Filter>Source Files\Object</Filter>
    </ClCompile>
    <ClCompile Include="src\PlaneTriangle.cpp">
      <Filter>Source Files\Object</Filter>
    </ClCompile>
    <ClCompile Include="src\Sphere.cpp">
      <Filter>Source Files\Object</Filter>
    </ClCompile>
    <ClCompile Include="src\Triangle.cpp">
      <Filter>Source Files\Object</Filter>
    </ClCompile>
    <ClCompile Include="src\NormalTriangle.cpp">
      <Filter>Source Files\Object</Filter>
    </ClCompile>
    <ClCompile Include="src\OCTree.cpp">
      <Filter>Source Files\Object</Filter>
    </ClCompile>
    <ClCompile Include="src\JitteredPixelSampler.cpp">
      <Filter>Source Files\PixelSampler</Filter>
    </ClCompile>
    <ClCompile Include="src\UniformPixelSampler.cpp">
      <Filter>Source Files\PixelSampler</Filter>
    </ClCompile>
    <ClCompile Include="src\BidirectionalPathIntegrator.cpp">
      <Filter>Source Files\Integrator</Filter>
    </ClCompile>
    <ClCompile Include="src\RayTracer.cpp">
      <Filter>Source Files\Core</Filter>
    </ClCompile>
    <ClCompile Include="src\BSDF.cpp">
      <Filter>Source Files\Core</Filter>
    </ClCompile>
    <ClCompile Include="src\BSDFCookTorrance.cpp">
      <Filter>Source Files\BSDF</Filter>
    </ClCompile>
    <ClCompile Include="src\Material.cpp">
      <Filter>Source Files\Core</Filter>
    </ClCompile>
    <ClCompile Include="src\DirectLightIntegrator.cpp">
      <Filter>Source Files\Integrator</Filter>
    </ClCompile>
  </ItemGroup>
  <ItemGroup>
    <ClInclude Include="src\AreaLight.h">
      <Filter>Header Files\Light</Filter>
    </ClInclude>
    <ClInclude Include="src\PointLight.h">
      <Filter>Header Files\Light</Filter>
    </ClInclude>
    <ClInclude Include="src\DirectionalLight.h">
      <Filter>Header Files\Light</Filter>
    </ClInclude>
    <ClInclude Include="src\Const.h">
      <Filter>Header Files\Core</Filter>
    </ClInclude>
    <ClInclude Include="src\Integrator.h">
      <Filter>Header Files\Core</Filter>
    </ClInclude>
    <ClInclude Include="src\Light.h">
      <Filter>Header Files\Core</Filter>
    </ClInclude>
    <ClInclude Include="src\Object.h">
      <Filter>Header Files\Core</Filter>
    </ClInclude>
    <ClInclude Include="src\BBox.h">
      <Filter>Header Files\Object</Filter>
    </ClInclude>
    <ClInclude Include="src\Camera.h">
      <Filter>Header Files\Core</Filter>
    </ClInclude>
    <ClInclude Include="src\Film.h">
      <Filter>Header Files\Core</Filter>
    </ClInclude>
    <ClInclude Include="src\OCTree.h">
      <Filter>Header Files\Object</Filter>
    </ClInclude>
    <ClInclude Include="src\Mesh.h">
      <Filter>Header Files\Object</Filter>
    </ClInclude>
    <ClInclude Include="src\Material.h">
      <Filter>Header Files\Core</Filter>
    </ClInclude>
    <ClInclude Include="src\Intersection.h">
      <Filter>Header Files\Core</Filter>
    </ClInclude>
    <ClInclude Include="src\NormalTriangle.h">
      <Filter>Header Files\Object</Filter>
    </ClInclude>
    <ClInclude Include="src\PlaneTriangle.h">
      <Filter>Header Files\Object</Filter>
    </ClInclude>
    <ClInclude Include="src\Ray.h">
      <Filter>Header Files\Core</Filter>
    </ClInclude>
    <ClInclude Include="src\Scene.h">
      <Filter>Header Files\Core</Filter>
    </ClInclude>
    <ClInclude Include="src\Sphere.h">
      <Filter>Header Files\Object</Filter>
    </ClInclude>
    <ClInclude Include="src\Transform.h">
      <Filter>Header Files\Core</Filter>
    </ClInclude>
    <ClInclude Include="src\UniformPixelSampler.h">
      <Filter>Header Files\PixelSamplers</Filter>
    </ClInclude>
    <ClInclude Include="src\Sampler.h">
      <Filter>Header Files\Core</Filter>
    </ClInclude>
    <ClInclude Include="src\Triangle.h">
      <Filter>Header Files\Object</Filter>
    </ClInclude>
    <ClInclude Include="src\JitteredPixelSampler.h">
      <Filter>Header Files\PixelSamplers</Filter>
    </ClInclude>
    <ClInclude Include="src\RayTracer.h">
      <Filter>Header Files\Core</Filter>
    </ClInclude>
    <ClInclude Include="src\BidirectioalPathIntegrator.h">
      <Filter>Header Files\Integrator</Filter>
    </ClInclude>
    <ClInclude Include="src\Intersectable.h">
      <Filter>Header Files\Core</Filter>
    </ClInclude>
    <ClInclude Include="src\BSDF.h">
      <Filter>Header Files\Core</Filter>
    </ClInclude>
    <ClInclude Include="src\BSDFCookTorrance.h">
      <Filter>Header Files\BSDF</Filter>
    </ClInclude>
    <ClInclude Include="src\DirectLightIntegrator.h">
      <Filter>Header Files\Integrator</Filter>
    </ClInclude>
  </ItemGroup>
  <ItemGroup>
    <None Include="src\yart-cpp.ll">
      <Filter>Resource Files\parser</Filter>
    </None>
    <None Include="src\yart-cpp.yy">
      <Filter>Resource Files\parser</Filter>
    </None>
    <None Include="src\Makefile">
      <Filter>Resource Files\parser</Filter>
    </None>
    <None Include="test\scene-dinosaur.test">
      <Filter>Resource Files\scenes</Filter>
    </None>
    <None Include="test\scene-kitten.test">
      <Filter>Resource Files\scenes</Filter>
    </None>
    <None Include="test\scene-sphere.test">
      <Filter>Resource Files\scenes</Filter>
    </None>
    <None Include="README.md">
      <Filter>Resource Files</Filter>
    </None>
    <None Include="test\scene-indirect.test">
      <Filter>Resource Files\scenes</Filter>
    </None>
    <None Include="test\cornell-box.test">
      <Filter>Resource Files\scenes</Filter>
    </None>
    <None Include="test\stanford-dragon.test">
      <Filter>Resource Files\scenes</Filter>
    </None>
    <None Include="test\area.test">
      <Filter>Resource Files\scenes</Filter>
    </None>
    <None Include="test\sphere.test">
      <Filter>Resource Files\scenes</Filter>
    </None>
  </ItemGroup>
  <ItemGroup>
    <Object Include="test\objs\Arma.obj">
      <Filter>Resource Files\Objects</Filter>
    </Object>
    <Object Include="test\objs\block.obj">
      <Filter>Resource Files\Objects</Filter>
    </Object>
    <Object Include="test\objs\Buddha.obj">
      <Filter>Resource Files\Objects</Filter>
    </Object>
    <Object Include="test\objs\bunny.fine.obj">
      <Filter>Resource Files\Objects</Filter>
    </Object>
    <Object Include="test\objs\cube.obj">
      <Filter>Resource Files\Objects</Filter>
    </Object>
    <Object Include="test\objs\dinosaur.2k.obj">
      <Filter>Resource Files\Objects</Filter>
    </Object>
    <Object Include="test\objs\fandisk.18k.obj">
      <Filter>Resource Files\Objects</Filter>
    </Object>
    <Object Include="test\objs\fixed.perfect.dragon.100K.0.07.obj">
      <Filter>Resource Files\Objects</Filter>
    </Object>
    <Object Include="test\objs\horse.fine.90k.obj">
      <Filter>Resource Files\Objects</Filter>
    </Object>
    <Object Include="test\objs\kitten.50k.obj">
      <Filter>Resource Files\Objects</Filter>
    </Object>
    <Object Include="test\objs\rocker-arm.18k.obj">
      <Filter>Resource Files\Objects</Filter>
    </Object>
    <Object Include="test\objs\sphere.obj">
      <Filter>Resource Files\Objects</Filter>
    </Object>
    <Object Include="test\objs\dragon.obj">
      <Filter>Resource Files\Objects</Filter>
    </Object>
  </ItemGroup>
</Project>